
Microsoft Visual Studio Solution File, Format Version 12.00
# Visual Studio 15
VisualStudioVersion = 15.0.27004.2002
MinimumVisualStudioVersion = 10.0.40219.1
Project("{FAE04EC0-301F-11D3-BF4B-00C04F79EFBC}") = "recipe_app.Android", "recipe_app\recipe_app.Android\recipe_app.Android.csproj", "{CF83B831-828D-4A5A-A657-BC6F5E1C8361}"
EndProject
Project("{FAE04EC0-301F-11D3-BF4B-00C04F79EFBC}") = "recipe_app", "recipe_app\recipe_app\recipe_app.csproj", "{E58ECD4C-6C33-4827-8439-BE2502D100CC}"
EndProject
Project("{FAE04EC0-301F-11D3-BF4B-00C04F79EFBC}") = "recipe_app.iOS", "recipe_app\recipe_app.iOS\recipe_app.iOS.csproj", "{32F43557-35B6-49ED-ADFF-5A455FA13EE9}"
EndProject
Global
	GlobalSection(SolutionConfigurationPlatforms) = preSolution
		Ad-Hoc|Any CPU = Ad-Hoc|Any CPU
		Ad-Hoc|iPhone = Ad-Hoc|iPhone
		Ad-Hoc|iPhoneSimulator = Ad-Hoc|iPhoneSimulator
		AppStore|Any CPU = AppStore|Any CPU
		AppStore|iPhone = AppStore|iPhone
		AppStore|iPhoneSimulator = AppStore|iPhoneSimulator
		Debug|Any CPU = Debug|Any CPU
		Debug|iPhone = Debug|iPhone
		Debug|iPhoneSimulator = Debug|iPhoneSimulator
		Release|Any CPU = Release|Any CPU
		Release|iPhone = Release|iPhone
		Release|iPhoneSimulator = Release|iPhoneSimulator
	EndGlobalSection
	GlobalSection(ProjectConfigurationPlatforms) = postSolution
		{CF83B831-828D-4A5A-A657-BC6F5E1C8361}.Ad-Hoc|Any CPU.ActiveCfg = Release|Any CPU
		{CF83B831-828D-4A5A-A657-BC6F5E1C8361}.Ad-Hoc|Any CPU.Build.0 = Release|Any CPU
		{CF83B831-828D-4A5A-A657-BC6F5E1C8361}.Ad-Hoc|Any CPU.Deploy.0 = Release|Any CPU
		{CF83B831-828D-4A5A-A657-BC6F5E1C8361}.Ad-Hoc|iPhone.ActiveCfg = Release|Any CPU
		{CF83B831-828D-4A5A-A657-BC6F5E1C8361}.Ad-Hoc|iPhone.Build.0 = Release|Any CPU
		{CF83B831-828D-4A5A-A657-BC6F5E1C8361}.Ad-Hoc|iPhone.Deploy.0 = Release|Any CPU
		{CF83B831-828D-4A5A-A657-BC6F5E1C8361}.Ad-Hoc|iPhoneSimulator.ActiveCfg = Release|Any CPU
		{CF83B831-828D-4A5A-A657-BC6F5E1C8361}.Ad-Hoc|iPhoneSimulator.Build.0 = Release|Any CPU
		{CF83B831-828D-4A5A-A657-BC6F5E1C8361}.Ad-Hoc|iPhoneSimulator.Deploy.0 = Release|Any CPU
		{CF83B831-828D-4A5A-A657-BC6F5E1C8361}.AppStore|Any CPU.ActiveCfg = Release|Any CPU
		{CF83B831-828D-4A5A-A657-BC6F5E1C8361}.AppStore|Any CPU.Build.0 = Release|Any CPU
		{CF83B831-828D-4A5A-A657-BC6F5E1C8361}.AppStore|Any CPU.Deploy.0 = Release|Any CPU
		{CF83B831-828D-4A5A-A657-BC6F5E1C8361}.AppStore|iPhone.ActiveCfg = Release|Any CPU
		{CF83B831-828D-4A5A-A657-BC6F5E1C8361}.AppStore|iPhone.Build.0 = Release|Any CPU
		{CF83B831-828D-4A5A-A657-BC6F5E1C8361}.AppStore|iPhone.Deploy.0 = Release|Any CPU
		{CF83B831-828D-4A5A-A657-BC6F5E1C8361}.AppStore|iPhoneSimulator.ActiveCfg = Release|Any CPU
		{CF83B831-828D-4A5A-A657-BC6F5E1C8361}.AppStore|iPhoneSimulator.Build.0 = Release|Any CPU
		{CF83B831-828D-4A5A-A657-BC6F5E1C8361}.AppStore|iPhoneSimulator.Deploy.0 = Release|Any CPU
		{CF83B831-828D-4A5A-A657-BC6F5E1C8361}.Debug|Any CPU.ActiveCfg = Debug|Any CPU
		{CF83B831-828D-4A5A-A657-BC6F5E1C8361}.Debug|Any CPU.Build.0 = Debug|Any CPU
		{CF83B831-828D-4A5A-A657-BC6F5E1C8361}.Debug|Any CPU.Deploy.0 = Debug|Any CPU
		{CF83B831-828D-4A5A-A657-BC6F5E1C8361}.Debug|iPhone.ActiveCfg = Debug|Any CPU
		{CF83B831-828D-4A5A-A657-BC6F5E1C8361}.Debug|iPhone.Build.0 = Debug|Any CPU
		{CF83B831-828D-4A5A-A657-BC6F5E1C8361}.Debug|iPhone.Deploy.0 = Debug|Any CPU
		{CF83B831-828D-4A5A-A657-BC6F5E1C8361}.Debug|iPhoneSimulator.ActiveCfg = Debug|Any CPU
		{CF83B831-828D-4A5A-A657-BC6F5E1C8361}.Debug|iPhoneSimulator.Build.0 = Debug|Any CPU
		{CF83B831-828D-4A5A-A657-BC6F5E1C8361}.Debug|iPhoneSimulator.Deploy.0 = Debug|Any CPU
		{CF83B831-828D-4A5A-A657-BC6F5E1C8361}.Release|Any CPU.ActiveCfg = Release|Any CPU
		{CF83B831-828D-4A5A-A657-BC6F5E1C8361}.Release|Any CPU.Build.0 = Release|Any CPU
		{CF83B831-828D-4A5A-A657-BC6F5E1C8361}.Release|Any CPU.Deploy.0 = Release|Any CPU
		{CF83B831-828D-4A5A-A657-BC6F5E1C8361}.Release|iPhone.ActiveCfg = Release|Any CPU
		{CF83B831-828D-4A5A-A657-BC6F5E1C8361}.Release|iPhone.Build.0 = Release|Any CPU
		{CF83B831-828D-4A5A-A657-BC6F5E1C8361}.Release|iPhone.Deploy.0 = Release|Any CPU
		{CF83B831-828D-4A5A-A657-BC6F5E1C8361}.Release|iPhoneSimulator.ActiveCfg = Release|Any CPU
		{CF83B831-828D-4A5A-A657-BC6F5E1C8361}.Release|iPhoneSimulator.Build.0 = Release|Any CPU
		{CF83B831-828D-4A5A-A657-BC6F5E1C8361}.Release|iPhoneSimulator.Deploy.0 = Release|Any CPU
		{E58ECD4C-6C33-4827-8439-BE2502D100CC}.Ad-Hoc|Any CPU.ActiveCfg = Release|Any CPU
		{E58ECD4C-6C33-4827-8439-BE2502D100CC}.Ad-Hoc|Any CPU.Build.0 = Release|Any CPU
		{E58ECD4C-6C33-4827-8439-BE2502D100CC}.Ad-Hoc|iPhone.ActiveCfg = Release|Any CPU
		{E58ECD4C-6C33-4827-8439-BE2502D100CC}.Ad-Hoc|iPhone.Build.0 = Release|Any CPU
		{E58ECD4C-6C33-4827-8439-BE2502D100CC}.Ad-Hoc|iPhoneSimulator.ActiveCfg = Release|Any CPU
		{E58ECD4C-6C33-4827-8439-BE2502D100CC}.Ad-Hoc|iPhoneSimulator.Build.0 = Release|Any CPU
		{E58ECD4C-6C33-4827-8439-BE2502D100CC}.AppStore|Any CPU.ActiveCfg = Release|Any CPU
		{E58ECD4C-6C33-4827-8439-BE2502D100CC}.AppStore|Any CPU.Build.0 = Release|Any CPU
		{E58ECD4C-6C33-4827-8439-BE2502D100CC}.AppStore|iPhone.ActiveCfg = Release|Any CPU
		{E58ECD4C-6C33-4827-8439-BE2502D100CC}.AppStore|iPhone.Build.0 = Release|Any CPU
		{E58ECD4C-6C33-4827-8439-BE2502D100CC}.AppStore|iPhoneSimulator.ActiveCfg = Release|Any CPU
		{E58ECD4C-6C33-4827-8439-BE2502D100CC}.AppStore|iPhoneSimulator.Build.0 = Release|Any CPU
		{E58ECD4C-6C33-4827-8439-BE2502D100CC}.Debug|Any CPU.ActiveCfg = Debug|Any CPU
		{E58ECD4C-6C33-4827-8439-BE2502D100CC}.Debug|Any CPU.Build.0 = Debug|Any CPU
		{E58ECD4C-6C33-4827-8439-BE2502D100CC}.Debug|iPhone.ActiveCfg = Debug|Any CPU
		{E58ECD4C-6C33-4827-8439-BE2502D100CC}.Debug|iPhone.Build.0 = Debug|Any CPU
		{E58ECD4C-6C33-4827-8439-BE2502D100CC}.Debug|iPhoneSimulator.ActiveCfg = Debug|Any CPU
		{E58ECD4C-6C33-4827-8439-BE2502D100CC}.Debug|iPhoneSimulator.Build.0 = Debug|Any CPU
		{E58ECD4C-6C33-4827-8439-BE2502D100CC}.Release|Any CPU.ActiveCfg = Release|Any CPU
		{E58ECD4C-6C33-4827-8439-BE2502D100CC}.Release|Any CPU.Build.0 = Release|Any CPU
		{E58ECD4C-6C33-4827-8439-BE2502D100CC}.Release|iPhone.ActiveCfg = Release|Any CPU
		{E58ECD4C-6C33-4827-8439-BE2502D100CC}.Release|iPhone.Build.0 = Release|Any CPU
		{E58ECD4C-6C33-4827-8439-BE2502D100CC}.Release|iPhoneSimulator.ActiveCfg = Release|Any CPU
		{E58ECD4C-6C33-4827-8439-BE2502D100CC}.Release|iPhoneSimulator.Build.0 = Release|Any CPU
		{32F43557-35B6-49ED-ADFF-5A455FA13EE9}.Ad-Hoc|Any CPU.ActiveCfg = Ad-Hoc|iPhoneSimulator
		{32F43557-35B6-49ED-ADFF-5A455FA13EE9}.Ad-Hoc|iPhone.ActiveCfg = Ad-Hoc|iPhone
		{32F43557-35B6-49ED-ADFF-5A455FA13EE9}.Ad-Hoc|iPhone.Build.0 = Ad-Hoc|iPhone
		{32F43557-35B6-49ED-ADFF-5A455FA13EE9}.Ad-Hoc|iPhoneSimulator.ActiveCfg = Ad-Hoc|iPhoneSimulator
		{32F43557-35B6-49ED-ADFF-5A455FA13EE9}.Ad-Hoc|iPhoneSimulator.Build.0 = Ad-Hoc|iPhoneSimulator
		{32F43557-35B6-49ED-ADFF-5A455FA13EE9}.AppStore|Any CPU.ActiveCfg = AppStore|iPhoneSimulator
		{32F43557-35B6-49ED-ADFF-5A455FA13EE9}.AppStore|iPhone.ActiveCfg = AppStore|iPhone
		{32F43557-35B6-49ED-ADFF-5A455FA13EE9}.AppStore|iPhone.Build.0 = AppStore|iPhone
		{32F43557-35B6-49ED-ADFF-5A455FA13EE9}.AppStore|iPhoneSimulator.ActiveCfg = AppStore|iPhoneSimulator
		{32F43557-35B6-49ED-ADFF-5A455FA13EE9}.AppStore|iPhoneSimulator.Build.0 = AppStore|iPhoneSimulator
		{32F43557-35B6-49ED-ADFF-5A455FA13EE9}.Debug|Any CPU.ActiveCfg = Debug|iPhoneSimulator
		{32F43557-35B6-49ED-ADFF-5A455FA13EE9}.Debug|iPhone.ActiveCfg = Debug|iPhone
		{32F43557-35B6-49ED-ADFF-5A455FA13EE9}.Debug|iPhone.Build.0 = Debug|iPhone
		{32F43557-35B6-49ED-ADFF-5A455FA13EE9}.Debug|iPhoneSimulator.ActiveCfg = Debug|iPhoneSimulator
		{32F43557-35B6-49ED-ADFF-5A455FA13EE9}.Debug|iPhoneSimulator.Build.0 = Debug|iPhoneSimulator
		{32F43557-35B6-49ED-ADFF-5A455FA13EE9}.Release|Any CPU.ActiveCfg = Release|iPhoneSimulator
		{32F43557-35B6-49ED-ADFF-5A455FA13EE9}.Release|iPhone.ActiveCfg = Release|iPhone
		{32F43557-35B6-49ED-ADFF-5A455FA13EE9}.Release|iPhone.Build.0 = Release|iPhone
		{32F43557-35B6-49ED-ADFF-5A455FA13EE9}.Release|iPhoneSimulator.ActiveCfg = Release|iPhoneSimulator
		{32F43557-35B6-49ED-ADFF-5A455FA13EE9}.Release|iPhoneSimulator.Build.0 = Release|iPhoneSimulator
	EndGlobalSection
	GlobalSection(SolutionProperties) = preSolution
		HideSolutionNode = FALSE
	EndGlobalSection
	GlobalSection(ExtensibilityGlobals) = postSolution
		SolutionGuid = {109604C3-4C1F-4FB7-A7A1-18E7D8E64F2D}
	EndGlobalSection
EndGlobal
